
Microsoft Visual Studio Solution File, Format Version 12.00
# Visual Studio Version 16
VisualStudioVersion = 16.0.31410.223
MinimumVisualStudioVersion = 10.0.40219.1
Project("{2150E333-8FDC-42A3-9474-1A3956D46DE8}") = "Solution Items", "Solution Items", "{C5E1EF78-50D6-43CC-B2C5-977F721D6BD6}"
	ProjectSection(SolutionItems) = preProject
		.github\workflows\ci.yml = .github\workflows\ci.yml
	EndProjectSection
EndProject
Project("{9A19103F-16F7-4668-BE54-9A1E7A4F7556}") = "Sleet.Server", "src\Sleet.Server\Sleet.Server.csproj", "{2BB333A0-1C6B-4C36-9D79-95B8EC5855AA}"
EndProject
Project("{9A19103F-16F7-4668-BE54-9A1E7A4F7556}") = "Sleet.Client", "src\Sleet.Client\Sleet.Client.csproj", "{51C63F19-6140-4476-899E-A22B6C730EDE}"
EndProject
Project("{9A19103F-16F7-4668-BE54-9A1E7A4F7556}") = "Sleet.Shared", "src\Sleet.Shared\Sleet.Shared.csproj", "{FAEBBBE2-A156-4F82-91BF-A76EF0DF1384}"
EndProject
Global
	GlobalSection(SolutionConfigurationPlatforms) = preSolution
		Debug|Any CPU = Debug|Any CPU
		Release|Any CPU = Release|Any CPU
	EndGlobalSection
	GlobalSection(ProjectConfigurationPlatforms) = postSolution
		{2BB333A0-1C6B-4C36-9D79-95B8EC5855AA}.Debug|Any CPU.ActiveCfg = Debug|Any CPU
		{2BB333A0-1C6B-4C36-9D79-95B8EC5855AA}.Debug|Any CPU.Build.0 = Debug|Any CPU
		{2BB333A0-1C6B-4C36-9D79-95B8EC5855AA}.Release|Any CPU.ActiveCfg = Release|Any CPU
		{2BB333A0-1C6B-4C36-9D79-95B8EC5855AA}.Release|Any CPU.Build.0 = Release|Any CPU
		{51C63F19-6140-4476-899E-A22B6C730EDE}.Debug|Any CPU.ActiveCfg = Debug|Any CPU
		{51C63F19-6140-4476-899E-A22B6C730EDE}.Debug|Any CPU.Build.0 = Debug|Any CPU
		{51C63F19-6140-4476-899E-A22B6C730EDE}.Release|Any CPU.ActiveCfg = Release|Any CPU
		{51C63F19-6140-4476-899E-A22B6C730EDE}.Release|Any CPU.Build.0 = Release|Any CPU
		{FAEBBBE2-A156-4F82-91BF-A76EF0DF1384}.Debug|Any CPU.ActiveCfg = Debug|Any CPU
		{FAEBBBE2-A156-4F82-91BF-A76EF0DF1384}.Debug|Any CPU.Build.0 = Debug|Any CPU
		{FAEBBBE2-A156-4F82-91BF-A76EF0DF1384}.Release|Any CPU.ActiveCfg = Release|Any CPU
		{FAEBBBE2-A156-4F82-91BF-A76EF0DF1384}.Release|Any CPU.Build.0 = Release|Any CPU
	EndGlobalSection
	GlobalSection(SolutionProperties) = preSolution
		HideSolutionNode = FALSE
	EndGlobalSection
	GlobalSection(ExtensibilityGlobals) = postSolution
		SolutionGuid = {7D5AA738-BFEB-44E0-9976-677E6119D819}
	EndGlobalSection
EndGlobal
