
Microsoft Visual Studio Solution File, Format Version 12.00
# Visual Studio Version 16
VisualStudioVersion = 16.0.31410.223
MinimumVisualStudioVersion = 10.0.40219.1
Project("{FAE04EC0-301F-11D3-BF4B-00C04F79EFBC}") = "Sleet", "Sleet\Sleet.csproj", "{D39189FA-DD47-442F-B34C-2EA03AA145B4}"
EndProject
Global
	GlobalSection(SolutionConfigurationPlatforms) = preSolution
		Debug|Any CPU = Debug|Any CPU
		Release|Any CPU = Release|Any CPU
	EndGlobalSection
	GlobalSection(ProjectConfigurationPlatforms) = postSolution
		{D39189FA-DD47-442F-B34C-2EA03AA145B4}.Debug|Any CPU.ActiveCfg = Debug|Any CPU
		{D39189FA-DD47-442F-B34C-2EA03AA145B4}.Debug|Any CPU.Build.0 = Debug|Any CPU
		{D39189FA-DD47-442F-B34C-2EA03AA145B4}.Release|Any CPU.ActiveCfg = Release|Any CPU
		{D39189FA-DD47-442F-B34C-2EA03AA145B4}.Release|Any CPU.Build.0 = Release|Any CPU
	EndGlobalSection
	GlobalSection(SolutionProperties) = preSolution
		HideSolutionNode = FALSE
	EndGlobalSection
	GlobalSection(ExtensibilityGlobals) = postSolution
		SolutionGuid = {7D5AA738-BFEB-44E0-9976-677E6119D819}
	EndGlobalSection
EndGlobal
